{
  "name": "gravity",
  "version": "1.0.0",
  "lockfileVersion": 2,
  "requires": true,
  "packages": {
    "": {
      "name": "gravity",
      "version": "1.0.0",
      "license": "ISC",
      "dependencies": {
        "ecs": "file:.."
      }
    },
    "..": {
      "version": "1.0.0",
      "license": "ISC",
      "devDependencies": {
        "webpack-cli": "^4.10.0"
      }
    },
    "node_modules/ecs": {
      "resolved": "..",
      "link": true
    }
  },
  "dependencies": {
    "ecs": {
      "version": "file:..",
      "requires": {
        "webpack-cli": "^4.10.0"
      }
    }
  }
}
